
Microsoft Visual Studio Solution File, Format Version 12.00
# Visual Studio Version 16
VisualStudioVersion = 16.0.31515.178
MinimumVisualStudioVersion = 10.0.40219.1
Project("{FAE04EC0-301F-11D3-BF4B-00C04F79EFBC}") = "InterviewPractical", "InterviewPractical\InterviewPractical.csproj", "{86EACEB3-537E-408D-832F-63BCE09EE0CA}"
EndProject
Global
	GlobalSection(SolutionConfigurationPlatforms) = preSolution
		Debug|Any CPU = Debug|Any CPU
		Release|Any CPU = Release|Any CPU
	EndGlobalSection
	GlobalSection(ProjectConfigurationPlatforms) = postSolution
		{86EACEB3-537E-408D-832F-63BCE09EE0CA}.Debug|Any CPU.ActiveCfg = Debug|Any CPU
		{86EACEB3-537E-408D-832F-63BCE09EE0CA}.Debug|Any CPU.Build.0 = Debug|Any CPU
		{86EACEB3-537E-408D-832F-63BCE09EE0CA}.Release|Any CPU.ActiveCfg = Release|Any CPU
		{86EACEB3-537E-408D-832F-63BCE09EE0CA}.Release|Any CPU.Build.0 = Release|Any CPU
	EndGlobalSection
	GlobalSection(SolutionProperties) = preSolution
		HideSolutionNode = FALSE
	EndGlobalSection
	GlobalSection(ExtensibilityGlobals) = postSolution
		SolutionGuid = {C59AAF83-032A-46CF-AD37-57AEF202E0C4}
	EndGlobalSection
EndGlobal
